
Microsoft Visual Studio Solution File, Format Version 12.00
# Visual Studio Version 17
VisualStudioVersion = 17.6.33815.320
MinimumVisualStudioVersion = 10.0.40219.1
Project("{FAE04EC0-301F-11D3-BF4B-00C04F79EFBC}") = "EmployeeLib", "EmployeeLib\EmployeeLib.csproj", "{413B7A2B-A552-4FEF-9E02-81C33CDA590E}"
EndProject
Global
	GlobalSection(SolutionConfigurationPlatforms) = preSolution
		Debug|Any CPU = Debug|Any CPU
		Release|Any CPU = Release|Any CPU
	EndGlobalSection
	GlobalSection(ProjectConfigurationPlatforms) = postSolution
		{413B7A2B-A552-4FEF-9E02-81C33CDA590E}.Debug|Any CPU.ActiveCfg = Debug|Any CPU
		{413B7A2B-A552-4FEF-9E02-81C33CDA590E}.Debug|Any CPU.Build.0 = Debug|Any CPU
		{413B7A2B-A552-4FEF-9E02-81C33CDA590E}.Release|Any CPU.ActiveCfg = Release|Any CPU
		{413B7A2B-A552-4FEF-9E02-81C33CDA590E}.Release|Any CPU.Build.0 = Release|Any CPU
	EndGlobalSection
	GlobalSection(SolutionProperties) = preSolution
		HideSolutionNode = FALSE
	EndGlobalSection
	GlobalSection(ExtensibilityGlobals) = postSolution
		SolutionGuid = {D5D74897-77E3-4929-B0B2-177970D95B82}
	EndGlobalSection
EndGlobal
